
Microsoft Visual Studio Solution File, Format Version 12.00
# Visual Studio Version 17
VisualStudioVersion = 17.0.32014.148
MinimumVisualStudioVersion = 10.0.40219.1
Project("{9A19103F-16F7-4668-BE54-9A1E7A4F7556}") = "FirstProject", "FirstProject\FirstProject.csproj", "{3CBAAEB6-7931-4B04-99CD-76147A6C390F}"
EndProject
Project("{9A19103F-16F7-4668-BE54-9A1E7A4F7556}") = "Variables", "Variables\Variables.csproj", "{C996E12A-5B57-4FC2-8BFF-551D965F40FC}"
EndProject
Project("{9A19103F-16F7-4668-BE54-9A1E7A4F7556}") = "Methods", "Methods\Methods.csproj", "{A28B4D3A-EAA6-493D-A103-2F63F1E12D6C}"
EndProject
Project("{9A19103F-16F7-4668-BE54-9A1E7A4F7556}") = "ClassUsageBasic", "ClassUsageBasic\ClassUsageBasic.csproj", "{DEE1DF6E-B51F-47F7-BFD1-224974F0C5F9}"
EndProject
Project("{9A19103F-16F7-4668-BE54-9A1E7A4F7556}") = "Example1", "Example1\Example1.csproj", "{6BD22BCD-7DB6-4B8B-8506-14C7E00029AC}"
EndProject
Project("{9A19103F-16F7-4668-BE54-9A1E7A4F7556}") = "statement_if", "statement_if\statement_if.csproj", "{D8A96427-6FA9-4C88-B7CE-DEC4F2ACE483}"
EndProject
Project("{9A19103F-16F7-4668-BE54-9A1E7A4F7556}") = "operators", "operators\operators.csproj", "{BCAA66CC-D804-46B4-858E-745817F3F04C}"
EndProject
Project("{9A19103F-16F7-4668-BE54-9A1E7A4F7556}") = "Array", "Array\Array.csproj", "{07E884A4-71F8-4510-B6E3-54E2DF580939}"
EndProject
Project("{9A19103F-16F7-4668-BE54-9A1E7A4F7556}") = "Array2DImension", "Array2DImension\Array2DImension.csproj", "{E47E1478-013B-4AC3-A7A7-F603C40C4DB9}"
EndProject
Project("{9A19103F-16F7-4668-BE54-9A1E7A4F7556}") = "statement_Loops", "statement_Loops\statement_Loops.csproj", "{EB3E309E-7CE9-40FE-A870-78ECD286C93A}"
EndProject
Project("{9A19103F-16F7-4668-BE54-9A1E7A4F7556}") = "Statement_SwitchCase", "Statement_SwitchCase\Statement_SwitchCase.csproj", "{1FD17015-371D-4098-8504-A3FBFD4B5C92}"
EndProject
Project("{9A19103F-16F7-4668-BE54-9A1E7A4F7556}") = "Structure", "Structure\Structure.csproj", "{7D969C4C-3453-4B9F-B3FC-0C4C3BCE0278}"
EndProject
Project("{9A19103F-16F7-4668-BE54-9A1E7A4F7556}") = "Example02_horseracing", "HorseRacing\Example02_horseracing.csproj", "{6E75645C-4ECF-409B-B418-5AC38E4EB8BE}"
EndProject
Project("{9A19103F-16F7-4668-BE54-9A1E7A4F7556}") = "ClassInheritanceAndPolymophism", "ClassInheritanceAndPolymophism\ClassInheritanceAndPolymophism.csproj", "{B1655CBC-5BD6-44D7-BC8B-7FAF8949E32E}"
EndProject
Project("{9A19103F-16F7-4668-BE54-9A1E7A4F7556}") = "Delegate", "Delegate\Delegate.csproj", "{5DED92FD-087D-4CAF-9A94-1098321A3514}"
EndProject
Project("{9A19103F-16F7-4668-BE54-9A1E7A4F7556}") = "Example01_ClassObjectInstance", "Example01_ClassObjectInstance\Example01_ClassObjectInstance.csproj", "{74E97B35-BF64-4F66-806B-8FCB71309893}"
EndProject
Project("{9A19103F-16F7-4668-BE54-9A1E7A4F7556}") = "Example03_DynamicArray", "Example03_DynamicArray\Example03_DynamicArray.csproj", "{E40FE13C-BDCA-484A-B72D-B1A37F8CD6DC}"
EndProject
Project("{9A19103F-16F7-4668-BE54-9A1E7A4F7556}") = "Example04_MyLinkedList", "Example04_MyLinkedList\Example04_MyLinkedList.csproj", "{32B270C6-947F-42E2-83B5-6786B9CDE7C6}"
EndProject
Project("{9A19103F-16F7-4668-BE54-9A1E7A4F7556}") = "Example05_MyHashtable", "Example05_MyHashtable\Example05_MyHashtable.csproj", "{69859575-4442-4F6F-B7FD-B91D387420EA}"
EndProject
Project("{9A19103F-16F7-4668-BE54-9A1E7A4F7556}") = "Example06_RollADice", "Example06_RollADice\Example06_RollADice.csproj", "{3F86FDCB-79B6-420D-995C-C6F4D9334263}"
EndProject
Global
	GlobalSection(SolutionConfigurationPlatforms) = preSolution
		Debug|Any CPU = Debug|Any CPU
		Release|Any CPU = Release|Any CPU
	EndGlobalSection
	GlobalSection(ProjectConfigurationPlatforms) = postSolution
		{3CBAAEB6-7931-4B04-99CD-76147A6C390F}.Debug|Any CPU.ActiveCfg = Debug|Any CPU
		{3CBAAEB6-7931-4B04-99CD-76147A6C390F}.Debug|Any CPU.Build.0 = Debug|Any CPU
		{3CBAAEB6-7931-4B04-99CD-76147A6C390F}.Release|Any CPU.ActiveCfg = Release|Any CPU
		{3CBAAEB6-7931-4B04-99CD-76147A6C390F}.Release|Any CPU.Build.0 = Release|Any CPU
		{C996E12A-5B57-4FC2-8BFF-551D965F40FC}.Debug|Any CPU.ActiveCfg = Debug|Any CPU
		{C996E12A-5B57-4FC2-8BFF-551D965F40FC}.Debug|Any CPU.Build.0 = Debug|Any CPU
		{C996E12A-5B57-4FC2-8BFF-551D965F40FC}.Release|Any CPU.ActiveCfg = Release|Any CPU
		{C996E12A-5B57-4FC2-8BFF-551D965F40FC}.Release|Any CPU.Build.0 = Release|Any CPU
		{A28B4D3A-EAA6-493D-A103-2F63F1E12D6C}.Debug|Any CPU.ActiveCfg = Debug|Any CPU
		{A28B4D3A-EAA6-493D-A103-2F63F1E12D6C}.Debug|Any CPU.Build.0 = Debug|Any CPU
		{A28B4D3A-EAA6-493D-A103-2F63F1E12D6C}.Release|Any CPU.ActiveCfg = Release|Any CPU
		{A28B4D3A-EAA6-493D-A103-2F63F1E12D6C}.Release|Any CPU.Build.0 = Release|Any CPU
		{DEE1DF6E-B51F-47F7-BFD1-224974F0C5F9}.Debug|Any CPU.ActiveCfg = Debug|Any CPU
		{DEE1DF6E-B51F-47F7-BFD1-224974F0C5F9}.Debug|Any CPU.Build.0 = Debug|Any CPU
		{DEE1DF6E-B51F-47F7-BFD1-224974F0C5F9}.Release|Any CPU.ActiveCfg = Release|Any CPU
		{DEE1DF6E-B51F-47F7-BFD1-224974F0C5F9}.Release|Any CPU.Build.0 = Release|Any CPU
		{6BD22BCD-7DB6-4B8B-8506-14C7E00029AC}.Debug|Any CPU.ActiveCfg = Debug|Any CPU
		{6BD22BCD-7DB6-4B8B-8506-14C7E00029AC}.Debug|Any CPU.Build.0 = Debug|Any CPU
		{6BD22BCD-7DB6-4B8B-8506-14C7E00029AC}.Release|Any CPU.ActiveCfg = Release|Any CPU
		{6BD22BCD-7DB6-4B8B-8506-14C7E00029AC}.Release|Any CPU.Build.0 = Release|Any CPU
		{D8A96427-6FA9-4C88-B7CE-DEC4F2ACE483}.Debug|Any CPU.ActiveCfg = Debug|Any CPU
		{D8A96427-6FA9-4C88-B7CE-DEC4F2ACE483}.Debug|Any CPU.Build.0 = Debug|Any CPU
		{D8A96427-6FA9-4C88-B7CE-DEC4F2ACE483}.Release|Any CPU.ActiveCfg = Release|Any CPU
		{D8A96427-6FA9-4C88-B7CE-DEC4F2ACE483}.Release|Any CPU.Build.0 = Release|Any CPU
		{BCAA66CC-D804-46B4-858E-745817F3F04C}.Debug|Any CPU.ActiveCfg = Debug|Any CPU
		{BCAA66CC-D804-46B4-858E-745817F3F04C}.Debug|Any CPU.Build.0 = Debug|Any CPU
		{BCAA66CC-D804-46B4-858E-745817F3F04C}.Release|Any CPU.ActiveCfg = Release|Any CPU
		{BCAA66CC-D804-46B4-858E-745817F3F04C}.Release|Any CPU.Build.0 = Release|Any CPU
		{07E884A4-71F8-4510-B6E3-54E2DF580939}.Debug|Any CPU.ActiveCfg = Debug|Any CPU
		{07E884A4-71F8-4510-B6E3-54E2DF580939}.Debug|Any CPU.Build.0 = Debug|Any CPU
		{07E884A4-71F8-4510-B6E3-54E2DF580939}.Release|Any CPU.ActiveCfg = Release|Any CPU
		{07E884A4-71F8-4510-B6E3-54E2DF580939}.Release|Any CPU.Build.0 = Release|Any CPU
		{E47E1478-013B-4AC3-A7A7-F603C40C4DB9}.Debug|Any CPU.ActiveCfg = Debug|Any CPU
		{E47E1478-013B-4AC3-A7A7-F603C40C4DB9}.Debug|Any CPU.Build.0 = Debug|Any CPU
		{E47E1478-013B-4AC3-A7A7-F603C40C4DB9}.Release|Any CPU.ActiveCfg = Release|Any CPU
		{E47E1478-013B-4AC3-A7A7-F603C40C4DB9}.Release|Any CPU.Build.0 = Release|Any CPU
		{EB3E309E-7CE9-40FE-A870-78ECD286C93A}.Debug|Any CPU.ActiveCfg = Debug|Any CPU
		{EB3E309E-7CE9-40FE-A870-78ECD286C93A}.Debug|Any CPU.Build.0 = Debug|Any CPU
		{EB3E309E-7CE9-40FE-A870-78ECD286C93A}.Release|Any CPU.ActiveCfg = Release|Any CPU
		{EB3E309E-7CE9-40FE-A870-78ECD286C93A}.Release|Any CPU.Build.0 = Release|Any CPU
		{1FD17015-371D-4098-8504-A3FBFD4B5C92}.Debug|Any CPU.ActiveCfg = Debug|Any CPU
		{1FD17015-371D-4098-8504-A3FBFD4B5C92}.Debug|Any CPU.Build.0 = Debug|Any CPU
		{1FD17015-371D-4098-8504-A3FBFD4B5C92}.Release|Any CPU.ActiveCfg = Release|Any CPU
		{1FD17015-371D-4098-8504-A3FBFD4B5C92}.Release|Any CPU.Build.0 = Release|Any CPU
		{7D969C4C-3453-4B9F-B3FC-0C4C3BCE0278}.Debug|Any CPU.ActiveCfg = Debug|Any CPU
		{7D969C4C-3453-4B9F-B3FC-0C4C3BCE0278}.Debug|Any CPU.Build.0 = Debug|Any CPU
		{7D969C4C-3453-4B9F-B3FC-0C4C3BCE0278}.Release|Any CPU.ActiveCfg = Release|Any CPU
		{7D969C4C-3453-4B9F-B3FC-0C4C3BCE0278}.Release|Any CPU.Build.0 = Release|Any CPU
		{6E75645C-4ECF-409B-B418-5AC38E4EB8BE}.Debug|Any CPU.ActiveCfg = Debug|Any CPU
		{6E75645C-4ECF-409B-B418-5AC38E4EB8BE}.Debug|Any CPU.Build.0 = Debug|Any CPU
		{6E75645C-4ECF-409B-B418-5AC38E4EB8BE}.Release|Any CPU.ActiveCfg = Release|Any CPU
		{6E75645C-4ECF-409B-B418-5AC38E4EB8BE}.Release|Any CPU.Build.0 = Release|Any CPU
		{B1655CBC-5BD6-44D7-BC8B-7FAF8949E32E}.Debug|Any CPU.ActiveCfg = Debug|Any CPU
		{B1655CBC-5BD6-44D7-BC8B-7FAF8949E32E}.Debug|Any CPU.Build.0 = Debug|Any CPU
		{B1655CBC-5BD6-44D7-BC8B-7FAF8949E32E}.Release|Any CPU.ActiveCfg = Release|Any CPU
		{B1655CBC-5BD6-44D7-BC8B-7FAF8949E32E}.Release|Any CPU.Build.0 = Release|Any CPU
		{5DED92FD-087D-4CAF-9A94-1098321A3514}.Debug|Any CPU.ActiveCfg = Debug|Any CPU
		{5DED92FD-087D-4CAF-9A94-1098321A3514}.Debug|Any CPU.Build.0 = Debug|Any CPU
		{5DED92FD-087D-4CAF-9A94-1098321A3514}.Release|Any CPU.ActiveCfg = Release|Any CPU
		{5DED92FD-087D-4CAF-9A94-1098321A3514}.Release|Any CPU.Build.0 = Release|Any CPU
		{74E97B35-BF64-4F66-806B-8FCB71309893}.Debug|Any CPU.ActiveCfg = Debug|Any CPU
		{74E97B35-BF64-4F66-806B-8FCB71309893}.Debug|Any CPU.Build.0 = Debug|Any CPU
		{74E97B35-BF64-4F66-806B-8FCB71309893}.Release|Any CPU.ActiveCfg = Release|Any CPU
		{74E97B35-BF64-4F66-806B-8FCB71309893}.Release|Any CPU.Build.0 = Release|Any CPU
		{E40FE13C-BDCA-484A-B72D-B1A37F8CD6DC}.Debug|Any CPU.ActiveCfg = Debug|Any CPU
		{E40FE13C-BDCA-484A-B72D-B1A37F8CD6DC}.Debug|Any CPU.Build.0 = Debug|Any CPU
		{E40FE13C-BDCA-484A-B72D-B1A37F8CD6DC}.Release|Any CPU.ActiveCfg = Release|Any CPU
		{E40FE13C-BDCA-484A-B72D-B1A37F8CD6DC}.Release|Any CPU.Build.0 = Release|Any CPU
		{32B270C6-947F-42E2-83B5-6786B9CDE7C6}.Debug|Any CPU.ActiveCfg = Debug|Any CPU
		{32B270C6-947F-42E2-83B5-6786B9CDE7C6}.Debug|Any CPU.Build.0 = Debug|Any CPU
		{32B270C6-947F-42E2-83B5-6786B9CDE7C6}.Release|Any CPU.ActiveCfg = Release|Any CPU
		{32B270C6-947F-42E2-83B5-6786B9CDE7C6}.Release|Any CPU.Build.0 = Release|Any CPU
		{69859575-4442-4F6F-B7FD-B91D387420EA}.Debug|Any CPU.ActiveCfg = Debug|Any CPU
		{69859575-4442-4F6F-B7FD-B91D387420EA}.Debug|Any CPU.Build.0 = Debug|Any CPU
		{69859575-4442-4F6F-B7FD-B91D387420EA}.Release|Any CPU.ActiveCfg = Release|Any CPU
		{69859575-4442-4F6F-B7FD-B91D387420EA}.Release|Any CPU.Build.0 = Release|Any CPU
		{3F86FDCB-79B6-420D-995C-C6F4D9334263}.Debug|Any CPU.ActiveCfg = Debug|Any CPU
		{3F86FDCB-79B6-420D-995C-C6F4D9334263}.Debug|Any CPU.Build.0 = Debug|Any CPU
		{3F86FDCB-79B6-420D-995C-C6F4D9334263}.Release|Any CPU.ActiveCfg = Release|Any CPU
		{3F86FDCB-79B6-420D-995C-C6F4D9334263}.Release|Any CPU.Build.0 = Release|Any CPU
	EndGlobalSection
	GlobalSection(SolutionProperties) = preSolution
		HideSolutionNode = FALSE
	EndGlobalSection
	GlobalSection(ExtensibilityGlobals) = postSolution
		SolutionGuid = {0C82DD43-F6F3-4E9A-A6B1-6CE39A613133}
	EndGlobalSection
EndGlobal
